// !$*UTF8*$!
{
	archiveVersion = 1;
	classes = {
	};
	objectVersion = 56;
	objects = {

/* Begin PBXBuildFile section */
		592B7F802C3863F9001EA317 /* BoardObject.swift in Sources */ = {isa = PBXBuildFile; fileRef = 592B7F7F2C3863E2001EA317 /* BoardObject.swift */; };
		592B804A2C3A0A26008F41BF /* Tank.swift in Sources */ = {isa = PBXBuildFile; fileRef = 592B80492C3A0A22008F41BF /* Tank.swift */; };
		592B80502C42ABAB008F41BF /* Direction.swift in Sources */ = {isa = PBXBuildFile; fileRef = 592B804F2C42AB9B008F41BF /* Direction.swift */; };
		59DF6B0D2C57C9DE00CB3F9A /* GameBoard.swift in Sources */ = {isa = PBXBuildFile; fileRef = 59DF6B0C2C57C9D500CB3F9A /* GameBoard.swift */; };
		59DF70B82BF553F7001E64B3 /* TankTacticsApp.swift in Sources */ = {isa = PBXBuildFile; fileRef = 59DF70B72BF553F7001E64B3 /* TankTacticsApp.swift */; };
		59DF70BE2BF553F8001E64B3 /* Assets.xcassets in Resources */ = {isa = PBXBuildFile; fileRef = 59DF70BD2BF553F8001E64B3 /* Assets.xcassets */; };
		59DF70C12BF553F8001E64B3 /* Preview Assets.xcassets in Resources */ = {isa = PBXBuildFile; fileRef = 59DF70C02BF553F8001E64B3 /* Preview Assets.xcassets */; };
/* End PBXBuildFile section */

/* Begin PBXFileReference section */
		592B7F7F2C3863E2001EA317 /* BoardObject.swift */ = {isa = PBXFileReference; lastKnownFileType = sourcecode.swift; path = BoardObject.swift; sourceTree = "<group>"; };
		592B80492C3A0A22008F41BF /* Tank.swift */ = {isa = PBXFileReference; lastKnownFileType = sourcecode.swift; path = Tank.swift; sourceTree = "<group>"; };
		592B804F2C42AB9B008F41BF /* Direction.swift */ = {isa = PBXFileReference; lastKnownFileType = sourcecode.swift; path = Direction.swift; sourceTree = "<group>"; };
		59DF6B0C2C57C9D500CB3F9A /* GameBoard.swift */ = {isa = PBXFileReference; lastKnownFileType = sourcecode.swift; path = GameBoard.swift; sourceTree = "<group>"; };
		59DF70B42BF553F7001E64B3 /* TankTactics.app */ = {isa = PBXFileReference; explicitFileType = wrapper.application; includeInIndex = 0; path = TankTactics.app; sourceTree = BUILT_PRODUCTS_DIR; };
		59DF70B72BF553F7001E64B3 /* TankTacticsApp.swift */ = {isa = PBXFileReference; lastKnownFileType = sourcecode.swift; path = TankTacticsApp.swift; sourceTree = "<group>"; };
		59DF70BD2BF553F8001E64B3 /* Assets.xcassets */ = {isa = PBXFileReference; lastKnownFileType = folder.assetcatalog; path = Assets.xcassets; sourceTree = "<group>"; };
		59DF70C02BF553F8001E64B3 /* Preview Assets.xcassets */ = {isa = PBXFileReference; lastKnownFileType = folder.assetcatalog; path = "Preview Assets.xcassets"; sourceTree = "<group>"; };
		59DF70C22BF553F8001E64B3 /* TankTactics.entitlements */ = {isa = PBXFileReference; lastKnownFileType = text.plist.entitlements; path = TankTactics.entitlements; sourceTree = "<group>"; };
/* End PBXFileReference section */

/* Begin PBXFrameworksBuildPhase section */
		59DF70B12BF553F7001E64B3 /* Frameworks */ = {
			isa = PBXFrameworksBuildPhase;
			buildActionMask = 2147483647;
			files = (
			);
			runOnlyForDeploymentPostprocessing = 0;
		};
/* End PBXFrameworksBuildPhase section */

/* Begin PBXGroup section */
		59DF70AB2BF553F7001E64B3 = {
			isa = PBXGroup;
			children = (
				59DF6B0C2C57C9D500CB3F9A /* GameBoard.swift */,
				592B7F7F2C3863E2001EA317 /* BoardObject.swift */,
				592B80492C3A0A22008F41BF /* Tank.swift */,
				592B804F2C42AB9B008F41BF /* Direction.swift */,
				59DF70B62BF553F7001E64B3 /* TankTactics */,
				59DF70B52BF553F7001E64B3 /* Products */,
			);
			sourceTree = "<group>";
		};
		59DF70B52BF553F7001E64B3 /* Products */ = {
			isa = PBXGroup;
			children = (
				59DF70B42BF553F7001E64B3 /* TankTactics.app */,
			);
			name = Products;
			sourceTree = "<group>";
		};
		59DF70B62BF553F7001E64B3 /* TankTactics */ = {
			isa = PBXGroup;
			children = (
				59DF70B72BF553F7001E64B3 /* TankTacticsApp.swift */,
				59DF70BD2BF553F8001E64B3 /* Assets.xcassets */,
				59DF70C22BF553F8001E64B3 /* TankTactics.entitlements */,
				59DF70BF2BF553F8001E64B3 /* Preview Content */,
			);
			path = TankTactics;
			sourceTree = "<group>";
		};
		59DF70BF2BF553F8001E64B3 /* Preview Content */ = {
			isa = PBXGroup;
			children = (
				59DF70C02BF553F8001E64B3 /* Preview Assets.xcassets */,
			);
			path = "Preview Content";
			sourceTree = "<group>";
		};
/* End PBXGroup section */

/* Begin PBXNativeTarget section */
		59DF70B32BF553F7001E64B3 /* TankTactics */ = {
			isa = PBXNativeTarget;
			buildConfigurationList = 59DF70C52BF553F8001E64B3 /* Build configuration list for PBXNativeTarget "TankTactics" */;
			buildPhases = (
				59DF70B02BF553F7001E64B3 /* Sources */,
				59DF70B12BF553F7001E64B3 /* Frameworks */,
				59DF70B22BF553F7001E64B3 /* Resources */,
			);
			buildRules = (
			);
			dependencies = (
			);
			name = TankTactics;
			productName = TankTactics;
			productReference = 59DF70B42BF553F7001E64B3 /* TankTactics.app */;
			productType = "com.apple.product-type.application";
		};
/* End PBXNativeTarget section */

/* Begin PBXProject section */
		59DF70AC2BF553F7001E64B3 /* Project object */ = {
			isa = PBXProject;
			attributes = {
				BuildIndependentTargetsInParallel = 1;
				LastSwiftUpdateCheck = 1540;
				LastUpgradeCheck = 1600;
				TargetAttributes = {
					59DF70B32BF553F7001E64B3 = {
						CreatedOnToolsVersion = 15.4;
					};
				};
			};
			buildConfigurationList = 59DF70AF2BF553F7001E64B3 /* Build configuration list for PBXProject "TankTactics" */;
			compatibilityVersion = "Xcode 14.0";
			developmentRegion = en;
			hasScannedForEncodings = 0;
			knownRegions = (
				en,
				Base,
			);
			mainGroup = 59DF70AB2BF553F7001E64B3;
			productRefGroup = 59DF70B52BF553F7001E64B3 /* Products */;
			projectDirPath = "";
			projectRoot = "";
			targets = (
				59DF70B32BF553F7001E64B3 /* TankTactics */,
			);
		};
/* End PBXProject section */

/* Begin PBXResourcesBuildPhase section */
		59DF70B22BF553F7001E64B3 /* Resources */ = {
			isa = PBXResourcesBuildPhase;
			buildActionMask = 2147483647;
			files = (
				59DF70C12BF553F8001E64B3 /* Preview Assets.xcassets in Resources */,
				59DF70BE2BF553F8001E64B3 /* Assets.xcassets in Resources */,
			);
			runOnlyForDeploymentPostprocessing = 0;
		};
/* End PBXResourcesBuildPhase section */

/* Begin PBXSourcesBuildPhase section */
		59DF70B02BF553F7001E64B3 /* Sources */ = {
			isa = PBXSourcesBuildPhase;
			buildActionMask = 2147483647;
			files = (
				592B804A2C3A0A26008F41BF /* Tank.swift in Sources */,
				592B7F802C3863F9001EA317 /* BoardObject.swift in Sources */,
				59DF6B0D2C57C9DE00CB3F9A /* GameBoard.swift in Sources */,
				592B80502C42ABAB008F41BF /* Direction.swift in Sources */,
				59DF70B82BF553F7001E64B3 /* TankTacticsApp.swift in Sources */,
			);
			runOnlyForDeploymentPostprocessing = 0;
		};
/* End PBXSourcesBuildPhase section */

/* Begin XCBuildConfiguration section */
		59DF70C32BF553F8001E64B3 /* Debug */ = {
			isa = XCBuildConfiguration;
			buildSettings = {
				ALWAYS_SEARCH_USER_PATHS = NO;
				ASSETCATALOG_COMPILER_GENERATE_SWIFT_ASSET_SYMBOL_EXTENSIONS = YES;
				CLANG_ANALYZER_NONNULL = YES;
				CLANG_ANALYZER_NUMBER_OBJECT_CONVERSION = YES_AGGRESSIVE;
				CLANG_CXX_LANGUAGE_STANDARD = "gnu++20";
				CLANG_ENABLE_MODULES = YES;
				CLANG_ENABLE_OBJC_ARC = YES;
				CLANG_ENABLE_OBJC_WEAK = YES;
				CLANG_WARN_BLOCK_CAPTURE_AUTORELEASING = YES;
				CLANG_WARN_BOOL_CONVERSION = YES;
				CLANG_WARN_COMMA = YES;
				CLANG_WARN_CONSTANT_CONVERSION = YES;
				CLANG_WARN_DEPRECATED_OBJC_IMPLEMENTATIONS = YES;
				CLANG_WARN_DIRECT_OBJC_ISA_USAGE = YES_ERROR;
				CLANG_WARN_DOCUMENTATION_COMMENTS = YES;
				CLANG_WARN_EMPTY_BODY = YES;
				CLANG_WARN_ENUM_CONVERSION = YES;
				CLANG_WARN_INFINITE_RECURSION = YES;
				CLANG_WARN_INT_CONVERSION = YES;
				CLANG_WARN_NON_LITERAL_NULL_CONVERSION = YES;
				CLANG_WARN_OBJC_IMPLICIT_RETAIN_SELF = YES;
				CLANG_WARN_OBJC_LITERAL_CONVERSION = YES;
				CLANG_WARN_OBJC_ROOT_CLASS = YES_ERROR;
				CLANG_WARN_QUOTED_INCLUDE_IN_FRAMEWORK_HEADER = YES;
				CLANG_WARN_RANGE_LOOP_ANALYSIS = YES;
				CLANG_WARN_STRICT_PROTOTYPES = YES;
				CLANG_WARN_SUSPICIOUS_MOVE = YES;
				CLANG_WARN_UNGUARDED_AVAILABILITY = YES_AGGRESSIVE;
				CLANG_WARN_UNREACHABLE_CODE = YES;
				CLANG_WARN__DUPLICATE_METHOD_MATCH = YES;
				COPY_PHASE_STRIP = NO;
				DEAD_CODE_STRIPPING = YES;
				DEBUG_INFORMATION_FORMAT = dwarf;
				ENABLE_STRICT_OBJC_MSGSEND = YES;
				ENABLE_TESTABILITY = YES;
				ENABLE_USER_SCRIPT_SANDBOXING = YES;
				GCC_C_LANGUAGE_STANDARD = gnu17;
				GCC_DYNAMIC_NO_PIC = NO;
				GCC_NO_COMMON_BLOCKS = YES;
				GCC_OPTIMIZATION_LEVEL = 0;
				GCC_PREPROCESSOR_DEFINITIONS = (
					"DEBUG=1",
					"$(inherited)",
				);
				GCC_WARN_64_TO_32_BIT_CONVERSION = YES;
				GCC_WARN_ABOUT_RETURN_TYPE = YES_ERROR;
				GCC_WARN_UNDECLARED_SELECTOR = YES;
				GCC_WARN_UNINITIALIZED_AUTOS = YES_AGGRESSIVE;
				GCC_WARN_UNUSED_FUNCTION = YES;
				GCC_WARN_UNUSED_VARIABLE = YES;
				LOCALIZATION_PREFERS_STRING_CATALOGS = YES;
				MACOSX_DEPLOYMENT_TARGET = 14.4;
				MTL_ENABLE_DEBUG_INFO = INCLUDE_SOURCE;
				MTL_FAST_MATH = YES;
				ONLY_ACTIVE_ARCH = YES;
				SDKROOT = macosx;
				SWIFT_ACTIVE_COMPILATION_CONDITIONS = "DEBUG $(inherited)";
				SWIFT_OPTIMIZATION_LEVEL = "-Onone";
			};
			name = Debug;
		};
		59DF70C42BF553F8001E64B3 /* Release */ = {
			isa = XCBuildConfiguration;
			buildSettings = {
				ALWAYS_SEARCH_USER_PATHS = NO;
				ASSETCATALOG_COMPILER_GENERATE_SWIFT_ASSET_SYMBOL_EXTENSIONS = YES;
				CLANG_ANALYZER_NONNULL = YES;
				CLANG_ANALYZER_NUMBER_OBJECT_CONVERSION = YES_AGGRESSIVE;
				CLANG_CXX_LANGUAGE_STANDARD = "gnu++20";
				CLANG_ENABLE_MODULES = YES;
				CLANG_ENABLE_OBJC_ARC = YES;
				CLANG_ENABLE_OBJC_WEAK = YES;
				CLANG_WARN_BLOCK_CAPTURE_AUTORELEASING = YES;
				CLANG_WARN_BOOL_CONVERSION = YES;
				CLANG_WARN_COMMA = YES;
				CLANG_WARN_CONSTANT_CONVERSION = YES;
				CLANG_WARN_DEPRECATED_OBJC_IMPLEMENTATIONS = YES;
				CLANG_WARN_DIRECT_OBJC_ISA_USAGE = YES_ERROR;
				CLANG_WARN_DOCUMENTATION_COMMENTS = YES;
				CLANG_WARN_EMPTY_BODY = YES;
				CLANG_WARN_ENUM_CONVERSION = YES;
				CLANG_WARN_INFINITE_RECURSION = YES;
				CLANG_WARN_INT_CONVERSION = YES;
				CLANG_WARN_NON_LITERAL_NULL_CONVERSION = YES;
				CLANG_WARN_OBJC_IMPLICIT_RETAIN_SELF = YES;
				CLANG_WARN_OBJC_LITERAL_CONVERSION = YES;
				CLANG_WARN_OBJC_ROOT_CLASS = YES_ERROR;
				CLANG_WARN_QUOTED_INCLUDE_IN_FRAMEWORK_HEADER = YES;
				CLANG_WARN_RANGE_LOOP_ANALYSIS = YES;
				CLANG_WARN_STRICT_PROTOTYPES = YES;
				CLANG_WARN_SUSPICIOUS_MOVE = YES;
				CLANG_WARN_UNGUARDED_AVAILABILITY = YES_AGGRESSIVE;
				CLANG_WARN_UNREACHABLE_CODE = YES;
				CLANG_WARN__DUPLICATE_METHOD_MATCH = YES;
				COPY_PHASE_STRIP = NO;
				DEAD_CODE_STRIPPING = YES;
				DEBUG_INFORMATION_FORMAT = "dwarf-with-dsym";
				ENABLE_NS_ASSERTIONS = NO;
				ENABLE_STRICT_OBJC_MSGSEND = YES;
				ENABLE_USER_SCRIPT_SANDBOXING = YES;
				GCC_C_LANGUAGE_STANDARD = gnu17;
				GCC_NO_COMMON_BLOCKS = YES;
				GCC_WARN_64_TO_32_BIT_CONVERSION = YES;
				GCC_WARN_ABOUT_RETURN_TYPE = YES_ERROR;
				GCC_WARN_UNDECLARED_SELECTOR = YES;
				GCC_WARN_UNINITIALIZED_AUTOS = YES_AGGRESSIVE;
				GCC_WARN_UNUSED_FUNCTION = YES;
				GCC_WARN_UNUSED_VARIABLE = YES;
				LOCALIZATION_PREFERS_STRING_CATALOGS = YES;
				MACOSX_DEPLOYMENT_TARGET = 14.4;
				MTL_ENABLE_DEBUG_INFO = NO;
				MTL_FAST_MATH = YES;
				SDKROOT = macosx;
				SWIFT_COMPILATION_MODE = wholemodule;
			};
			name = Release;
		};
		59DF70C62BF553F8001E64B3 /* Debug */ = {
			isa = XCBuildConfiguration;
			buildSettings = {
				ASSETCATALOG_COMPILER_APPICON_NAME = AppIcon;
				ASSETCATALOG_COMPILER_GLOBAL_ACCENT_COLOR_NAME = AccentColor;
				CODE_SIGN_ENTITLEMENTS = TankTactics/TankTactics.entitlements;
				CODE_SIGN_STYLE = Automatic;
				COMBINE_HIDPI_IMAGES = YES;
				CURRENT_PROJECT_VERSION = 1;
				DEAD_CODE_STRIPPING = YES;
				DEVELOPMENT_ASSET_PATHS = "\"TankTactics/Preview Content\"";
				DEVELOPMENT_TEAM = 6ZYJVS964D;
				ENABLE_HARDENED_RUNTIME = YES;
				ENABLE_PREVIEWS = YES;
				GENERATE_INFOPLIST_FILE = YES;
				INFOPLIST_KEY_NSHumanReadableCopyright = "";
				LD_RUNPATH_SEARCH_PATHS = (
					"$(inherited)",
					"@executable_path/../Frameworks",
				);
				MACOSX_DEPLOYMENT_TARGET = 14.0;
				MARKETING_VERSION = 1.0;
				PRODUCT_BUNDLE_IDENTIFIER = com.hiltonsherrard.TankTactics;
				PRODUCT_NAME = "$(TARGET_NAME)";
				SWIFT_EMIT_LOC_STRINGS = YES;
				SWIFT_VERSION = 5.0;
			};
			name = Debug;
		};
		59DF70C72BF553F8001E64B3 /* Release */ = {
			isa = XCBuildConfiguration;
			buildSettings = {
				ASSETCATALOG_COMPILER_APPICON_NAME = AppIcon;
				ASSETCATALOG_COMPILER_GLOBAL_ACCENT_COLOR_NAME = AccentColor;
				CODE_SIGN_ENTITLEMENTS = TankTactics/TankTactics.entitlements;
				CODE_SIGN_STYLE = Automatic;
				COMBINE_HIDPI_IMAGES = YES;
				CURRENT_PROJECT_VERSION = 1;
				DEAD_CODE_STRIPPING = YES;
				DEVELOPMENT_ASSET_PATHS = "\"TankTactics/Preview Content\"";
				DEVELOPMENT_TEAM = 6ZYJVS964D;
				ENABLE_HARDENED_RUNTIME = YES;
				ENABLE_PREVIEWS = YES;
				GENERATE_INFOPLIST_FILE = YES;
				INFOPLIST_KEY_NSHumanReadableCopyright = "";
				LD_RUNPATH_SEARCH_PATHS = (
					"$(inherited)",
					"@executable_path/../Frameworks",
				);
				MACOSX_DEPLOYMENT_TARGET = 14.0;
				MARKETING_VERSION = 1.0;
				PRODUCT_BUNDLE_IDENTIFIER = com.hiltonsherrard.TankTactics;
				PRODUCT_NAME = "$(TARGET_NAME)";
				SWIFT_EMIT_LOC_STRINGS = YES;
				SWIFT_VERSION = 5.0;
			};
			name = Release;
		};
/* End XCBuildConfiguration section */

/* Begin XCConfigurationList section */
		59DF70AF2BF553F7001E64B3 /* Build configuration list for PBXProject "TankTactics" */ = {
			isa = XCConfigurationList;
			buildConfigurations = (
				59DF70C32BF553F8001E64B3 /* Debug */,
				59DF70C42BF553F8001E64B3 /* Release */,
			);
			defaultConfigurationIsVisible = 0;
			defaultConfigurationName = Release;
		};
		59DF70C52BF553F8001E64B3 /* Build configuration list for PBXNativeTarget "TankTactics" */ = {
			isa = XCConfigurationList;
			buildConfigurations = (
				59DF70C62BF553F8001E64B3 /* Debug */,
				59DF70C72BF553F8001E64B3 /* Release */,
			);
			defaultConfigurationIsVisible = 0;
			defaultConfigurationName = Release;
		};
/* End XCConfigurationList section */
	};
	rootObject = 59DF70AC2BF553F7001E64B3 /* Project object */;
}
