// !$*UTF8*$!
{
	archiveVersion = 1;
	classes = {
	};
	objectVersion = 70;
	objects = {

/* Begin PBXBuildFile section */
		5910A74D2E05F4A000B217BB /* Game.swift in Sources */ = {isa = PBXBuildFile; fileRef = 5910A74C2E05F4A000B217BB /* Game.swift */; };
		5910A74F2E05F4DD00B217BB /* Message.swift in Sources */ = {isa = PBXBuildFile; fileRef = 5910A74E2E05F4DD00B217BB /* Message.swift */; };
		592B7F802C3863F9001EA317 /* BoardObject.swift in Sources */ = {isa = PBXBuildFile; fileRef = 592B7F7F2C3863E2001EA317 /* BoardObject.swift */; };
		592B804A2C3A0A26008F41BF /* Tank.swift in Sources */ = {isa = PBXBuildFile; fileRef = 592B80492C3A0A22008F41BF /* Tank.swift */; };
		592B80502C42ABAB008F41BF /* Direction.swift in Sources */ = {isa = PBXBuildFile; fileRef = 592B804F2C42AB9B008F41BF /* Direction.swift */; };
		5937400E2E5F959500E6C733 /* TankAction.swift in Sources */ = {isa = PBXBuildFile; fileRef = 5937400D2E5F959500E6C733 /* TankAction.swift */; };
		594D86F92CAF2F2B00916C89 /* MakePDF.swift in Sources */ = {isa = PBXBuildFile; fileRef = 594D86F82CAF2F2B00916C89 /* MakePDF.swift */; };
		595A2D092C6655A10086A452 /* StatusCard.swift in Sources */ = {isa = PBXBuildFile; fileRef = 595A2D082C6655A10086A452 /* StatusCard.swift */; };
		596376A52CFB5BB000059FCA /* DeadStatusCard.swift in Sources */ = {isa = PBXBuildFile; fileRef = 596376A42CFB5BB000059FCA /* DeadStatusCard.swift */; };
		5966EA25302BEBC200D7735C /* position.cpp in Sources */ = {isa = PBXBuildFile; fileRef = 5966EA0C302BEBC200D7735C /* position.cpp */; };
		5966EA26302BEBC200D7735C /* evaluate.cpp in Sources */ = {isa = PBXBuildFile; fileRef = 5966E9E6302BEBC200D7735C /* evaluate.cpp */; };
		5966EA27302BEBC200D7735C /* ucioption.cpp in Sources */ = {isa = PBXBuildFile; fileRef = 5966EA23302BEBC200D7735C /* ucioption.cpp */; };
		5966EA28302BEBC200D7735C /* tt.cpp in Sources */ = {isa = PBXBuildFile; fileRef = 5966EA1C302BEBC200D7735C /* tt.cpp */; };
		5966EA2A302BEBC200D7735C /* memory.cpp in Sources */ = {isa = PBXBuildFile; fileRef = 5966E9ED302BEBC200D7735C /* memory.cpp */; };
		5966EA2B302BEBC200D7735C /* movepick.cpp in Sources */ = {isa = PBXBuildFile; fileRef = 5966E9F3302BEBC200D7735C /* movepick.cpp */; };
		5966EA2C302BEBC200D7735C /* uci.cpp in Sources */ = {isa = PBXBuildFile; fileRef = 5966EA21302BEBC200D7735C /* uci.cpp */; };
		5966EA2D302BEBC200D7735C /* Makefile in Sources */ = {isa = PBXBuildFile; fileRef = 5966E9EB302BEBC200D7735C /* Makefile */; };
		5966EA2F302BEBC200D7735C /* search.cpp in Sources */ = {isa = PBXBuildFile; fileRef = 5966EA10302BEBC200D7735C /* search.cpp */; };
		5966EA31302BEBC200D7735C /* movegen.cpp in Sources */ = {isa = PBXBuildFile; fileRef = 5966E9F1302BEBC200D7735C /* movegen.cpp */; };
		5966EA32302BEBC200D7735C /* thread.cpp in Sources */ = {isa = PBXBuildFile; fileRef = 5966EA17302BEBC200D7735C /* thread.cpp */; };
		5966EA34302BEBC200D7735C /* timeman.cpp in Sources */ = {isa = PBXBuildFile; fileRef = 5966EA1A302BEBC200D7735C /* timeman.cpp */; };
		5966EA35302BEBC200D7735C /* misc.cpp in Sources */ = {isa = PBXBuildFile; fileRef = 5966E9EF302BEBC200D7735C /* misc.cpp */; };
		5966EA36302BEBC200D7735C /* bitboard.cpp in Sources */ = {isa = PBXBuildFile; fileRef = 5966E9E2302BEBC200D7735C /* bitboard.cpp */; };
		5966EA37302BEBC200D7735C /* benchmark.cpp in Sources */ = {isa = PBXBuildFile; fileRef = 5966E9E0302BEBC200D7735C /* benchmark.cpp */; };
		5966EA3A302BEBC200D7735C /* tune.cpp in Sources */ = {isa = PBXBuildFile; fileRef = 5966EA1E302BEBC200D7735C /* tune.cpp */; };
		5966EA3B302BEBC200D7735C /* score.cpp in Sources */ = {isa = PBXBuildFile; fileRef = 5966EA0E302BEBC200D7735C /* score.cpp */; };
		5966EA42302BEDA700D7735C /* engine.cpp in Sources */ = {isa = PBXBuildFile; fileRef = 5966EA41302BEDA700D7735C /* engine.cpp */; };
		5966EA45302BEF0400D7735C /* nn-c288c895ea92.nnue in Resources */ = {isa = PBXBuildFile; fileRef = 5966EA44302BEF0400D7735C /* nn-c288c895ea92.nnue */; };
		5966EA46302BEF0400D7735C /* nn-37f18f62d772.nnue in Resources */ = {isa = PBXBuildFile; fileRef = 5966EA43302BEF0400D7735C /* nn-37f18f62d772.nnue */; };
		59ABD62C301FF87800E40D16 /* StockfishBridge.swift in Sources */ = {isa = PBXBuildFile; fileRef = 59ABD62B301FF87800E40D16 /* StockfishBridge.swift */; };
		59ABD62D301FFA1000E40D16 /* StockfishBridge.mm in Sources */ = {isa = PBXBuildFile; fileRef = 59ABD629301FF76B00E40D16 /* StockfishBridge.mm */; };
		59ABD64A3020D28E00E40D16 /* ChessModule.swift in Sources */ = {isa = PBXBuildFile; fileRef = 59ABD6493020D28E00E40D16 /* ChessModule.swift */; };
		59AECC6D2E8DDECE00082FC0 /* TurnNotesList.swift in Sources */ = {isa = PBXBuildFile; fileRef = 59AECC6C2E8DDEC800082FC0 /* TurnNotesList.swift */; };
		59B7E55A2E428E3800105725 /* Module.swift in Sources */ = {isa = PBXBuildFile; fileRef = 59B7E5592E428E3800105725 /* Module.swift */; };
		59B7E55C2E451C5600105725 /* Viewport.swift in Sources */ = {isa = PBXBuildFile; fileRef = 59B7E55B2E451C5600105725 /* Viewport.swift */; };
		59C8CD552E6F857400151076 /* Inspector.swift in Sources */ = {isa = PBXBuildFile; fileRef = 59C8CD542E6F857400151076 /* Inspector.swift */; };
		59DF6B0D2C57C9DE00CB3F9A /* GameBoard.swift in Sources */ = {isa = PBXBuildFile; fileRef = 59DF6B0C2C57C9D500CB3F9A /* GameBoard.swift */; };
		59DF70B82BF553F7001E64B3 /* TankTacticsApp.swift in Sources */ = {isa = PBXBuildFile; fileRef = 59DF70B72BF553F7001E64B3 /* TankTacticsApp.swift */; };
		59DF70BE2BF553F8001E64B3 /* Assets.xcassets in Resources */ = {isa = PBXBuildFile; fileRef = 59DF70BD2BF553F8001E64B3 /* Assets.xcassets */; };
		59E01EB32E7CBEDC002544A2 /* ActionList.swift in Sources */ = {isa = PBXBuildFile; fileRef = 59E01EB22E7CBECD002544A2 /* ActionList.swift */; };
		59E01EB72E7E0C2E002544A2 /* EventCard.swift in Sources */ = {isa = PBXBuildFile; fileRef = 59E01EB62E7E0C2E002544A2 /* EventCard.swift */; };
/* End PBXBuildFile section */

/* Begin PBXFileReference section */
		5910A74C2E05F4A000B217BB /* Game.swift */ = {isa = PBXFileReference; lastKnownFileType = sourcecode.swift; path = Game.swift; sourceTree = "<group>"; };
		5910A74E2E05F4DD00B217BB /* Message.swift */ = {isa = PBXFileReference; lastKnownFileType = sourcecode.swift; path = Message.swift; sourceTree = "<group>"; };
		592B7F7F2C3863E2001EA317 /* BoardObject.swift */ = {isa = PBXFileReference; lastKnownFileType = sourcecode.swift; path = BoardObject.swift; sourceTree = "<group>"; };
		592B80492C3A0A22008F41BF /* Tank.swift */ = {isa = PBXFileReference; lastKnownFileType = sourcecode.swift; path = Tank.swift; sourceTree = "<group>"; };
		592B804F2C42AB9B008F41BF /* Direction.swift */ = {isa = PBXFileReference; lastKnownFileType = sourcecode.swift; path = Direction.swift; sourceTree = "<group>"; };
		5937400D2E5F959500E6C733 /* TankAction.swift */ = {isa = PBXFileReference; lastKnownFileType = sourcecode.swift; path = TankAction.swift; sourceTree = "<group>"; };
		594D86F82CAF2F2B00916C89 /* MakePDF.swift */ = {isa = PBXFileReference; lastKnownFileType = sourcecode.swift; path = MakePDF.swift; sourceTree = "<group>"; };
		595A2D082C6655A10086A452 /* StatusCard.swift */ = {isa = PBXFileReference; lastKnownFileType = sourcecode.swift; path = StatusCard.swift; sourceTree = "<group>"; };
		596376A42CFB5BB000059FCA /* DeadStatusCard.swift */ = {isa = PBXFileReference; lastKnownFileType = sourcecode.swift; path = DeadStatusCard.swift; sourceTree = "<group>"; };
		5966E9DF302BEBC200D7735C /* benchmark.h */ = {isa = PBXFileReference; lastKnownFileType = sourcecode.c.h; path = benchmark.h; sourceTree = "<group>"; };
		5966E9E0302BEBC200D7735C /* benchmark.cpp */ = {isa = PBXFileReference; lastKnownFileType = sourcecode.cpp.cpp; path = benchmark.cpp; sourceTree = "<group>"; };
		5966E9E1302BEBC200D7735C /* bitboard.h */ = {isa = PBXFileReference; lastKnownFileType = sourcecode.c.h; path = bitboard.h; sourceTree = "<group>"; };
		5966E9E2302BEBC200D7735C /* bitboard.cpp */ = {isa = PBXFileReference; lastKnownFileType = sourcecode.cpp.cpp; path = bitboard.cpp; sourceTree = "<group>"; };
		5966E9E5302BEBC200D7735C /* evaluate.h */ = {isa = PBXFileReference; lastKnownFileType = sourcecode.c.h; path = evaluate.h; sourceTree = "<group>"; };
		5966E9E6302BEBC200D7735C /* evaluate.cpp */ = {isa = PBXFileReference; lastKnownFileType = sourcecode.cpp.cpp; path = evaluate.cpp; sourceTree = "<group>"; };
		5966E9E7302BEBC200D7735C /* history.h */ = {isa = PBXFileReference; lastKnownFileType = sourcecode.c.h; path = history.h; sourceTree = "<group>"; };
		5966E9EB302BEBC200D7735C /* Makefile */ = {isa = PBXFileReference; lastKnownFileType = sourcecode.make; path = Makefile; sourceTree = "<group>"; };
		5966E9EC302BEBC200D7735C /* memory.h */ = {isa = PBXFileReference; lastKnownFileType = sourcecode.c.h; path = memory.h; sourceTree = "<group>"; };
		5966E9ED302BEBC200D7735C /* memory.cpp */ = {isa = PBXFileReference; lastKnownFileType = sourcecode.cpp.cpp; path = memory.cpp; sourceTree = "<group>"; };
		5966E9EE302BEBC200D7735C /* misc.h */ = {isa = PBXFileReference; lastKnownFileType = sourcecode.c.h; path = misc.h; sourceTree = "<group>"; };
		5966E9EF302BEBC200D7735C /* misc.cpp */ = {isa = PBXFileReference; lastKnownFileType = sourcecode.cpp.cpp; path = misc.cpp; sourceTree = "<group>"; };
		5966E9F0302BEBC200D7735C /* movegen.h */ = {isa = PBXFileReference; lastKnownFileType = sourcecode.c.h; path = movegen.h; sourceTree = "<group>"; };
		5966E9F1302BEBC200D7735C /* movegen.cpp */ = {isa = PBXFileReference; lastKnownFileType = sourcecode.cpp.cpp; path = movegen.cpp; sourceTree = "<group>"; };
		5966E9F2302BEBC200D7735C /* movepick.h */ = {isa = PBXFileReference; lastKnownFileType = sourcecode.c.h; path = movepick.h; sourceTree = "<group>"; };
		5966E9F3302BEBC200D7735C /* movepick.cpp */ = {isa = PBXFileReference; lastKnownFileType = sourcecode.cpp.cpp; path = movepick.cpp; sourceTree = "<group>"; };
		5966EA09302BEBC200D7735C /* numa.h */ = {isa = PBXFileReference; lastKnownFileType = sourcecode.c.h; path = numa.h; sourceTree = "<group>"; };
		5966EA0A302BEBC200D7735C /* perft.h */ = {isa = PBXFileReference; lastKnownFileType = sourcecode.c.h; path = perft.h; sourceTree = "<group>"; };
		5966EA0B302BEBC200D7735C /* position.h */ = {isa = PBXFileReference; lastKnownFileType = sourcecode.c.h; path = position.h; sourceTree = "<group>"; };
		5966EA0C302BEBC200D7735C /* position.cpp */ = {isa = PBXFileReference; lastKnownFileType = sourcecode.cpp.cpp; path = position.cpp; sourceTree = "<group>"; };
		5966EA0D302BEBC200D7735C /* score.h */ = {isa = PBXFileReference; lastKnownFileType = sourcecode.c.h; path = score.h; sourceTree = "<group>"; };
		5966EA0E302BEBC200D7735C /* score.cpp */ = {isa = PBXFileReference; lastKnownFileType = sourcecode.cpp.cpp; path = score.cpp; sourceTree = "<group>"; };
		5966EA0F302BEBC200D7735C /* search.h */ = {isa = PBXFileReference; lastKnownFileType = sourcecode.c.h; path = search.h; sourceTree = "<group>"; };
		5966EA10302BEBC200D7735C /* search.cpp */ = {isa = PBXFileReference; lastKnownFileType = sourcecode.cpp.cpp; path = search.cpp; sourceTree = "<group>"; };
		5966EA11302BEBC200D7735C /* shm.h */ = {isa = PBXFileReference; lastKnownFileType = sourcecode.c.h; path = shm.h; sourceTree = "<group>"; };
		5966EA12302BEBC200D7735C /* shm_linux.h */ = {isa = PBXFileReference; lastKnownFileType = sourcecode.c.h; path = shm_linux.h; sourceTree = "<group>"; };
		5966EA16302BEBC200D7735C /* thread.h */ = {isa = PBXFileReference; lastKnownFileType = sourcecode.c.h; path = thread.h; sourceTree = "<group>"; };
		5966EA17302BEBC200D7735C /* thread.cpp */ = {isa = PBXFileReference; lastKnownFileType = sourcecode.cpp.cpp; path = thread.cpp; sourceTree = "<group>"; };
		5966EA18302BEBC200D7735C /* thread_win32_osx.h */ = {isa = PBXFileReference; lastKnownFileType = sourcecode.c.h; path = thread_win32_osx.h; sourceTree = "<group>"; };
		5966EA19302BEBC200D7735C /* timeman.h */ = {isa = PBXFileReference; lastKnownFileType = sourcecode.c.h; path = timeman.h; sourceTree = "<group>"; };
		5966EA1A302BEBC200D7735C /* timeman.cpp */ = {isa = PBXFileReference; lastKnownFileType = sourcecode.cpp.cpp; path = timeman.cpp; sourceTree = "<group>"; };
		5966EA1B302BEBC200D7735C /* tt.h */ = {isa = PBXFileReference; lastKnownFileType = sourcecode.c.h; path = tt.h; sourceTree = "<group>"; };
		5966EA1C302BEBC200D7735C /* tt.cpp */ = {isa = PBXFileReference; lastKnownFileType = sourcecode.cpp.cpp; path = tt.cpp; sourceTree = "<group>"; };
		5966EA1D302BEBC200D7735C /* tune.h */ = {isa = PBXFileReference; lastKnownFileType = sourcecode.c.h; path = tune.h; sourceTree = "<group>"; };
		5966EA1E302BEBC200D7735C /* tune.cpp */ = {isa = PBXFileReference; lastKnownFileType = sourcecode.cpp.cpp; path = tune.cpp; sourceTree = "<group>"; };
		5966EA1F302BEBC200D7735C /* types.h */ = {isa = PBXFileReference; lastKnownFileType = sourcecode.c.h; path = types.h; sourceTree = "<group>"; };
		5966EA20302BEBC200D7735C /* uci.h */ = {isa = PBXFileReference; lastKnownFileType = sourcecode.c.h; path = uci.h; sourceTree = "<group>"; };
		5966EA21302BEBC200D7735C /* uci.cpp */ = {isa = PBXFileReference; lastKnownFileType = sourcecode.cpp.cpp; path = uci.cpp; sourceTree = "<group>"; };
		5966EA22302BEBC200D7735C /* ucioption.h */ = {isa = PBXFileReference; lastKnownFileType = sourcecode.c.h; path = ucioption.h; sourceTree = "<group>"; };
		5966EA23302BEBC200D7735C /* ucioption.cpp */ = {isa = PBXFileReference; lastKnownFileType = sourcecode.cpp.cpp; path = ucioption.cpp; sourceTree = "<group>"; };
		5966EA40302BEDA700D7735C /* engine.h */ = {isa = PBXFileReference; lastKnownFileType = sourcecode.c.h; path = engine.h; sourceTree = "<group>"; };
		5966EA41302BEDA700D7735C /* engine.cpp */ = {isa = PBXFileReference; lastKnownFileType = sourcecode.cpp.cpp; path = engine.cpp; sourceTree = "<group>"; };
		5966EA43302BEF0400D7735C /* nn-37f18f62d772.nnue */ = {isa = PBXFileReference; lastKnownFileType = file; path = "nn-37f18f62d772.nnue"; sourceTree = "<group>"; };
		5966EA44302BEF0400D7735C /* nn-c288c895ea92.nnue */ = {isa = PBXFileReference; lastKnownFileType = file; path = "nn-c288c895ea92.nnue"; sourceTree = "<group>"; };
		59ABD628301FF71500E40D16 /* StockfishBridge.h */ = {isa = PBXFileReference; lastKnownFileType = sourcecode.c.h; path = StockfishBridge.h; sourceTree = "<group>"; };
		59ABD629301FF76B00E40D16 /* StockfishBridge.mm */ = {isa = PBXFileReference; lastKnownFileType = sourcecode.cpp.objcpp; path = StockfishBridge.mm; sourceTree = "<group>"; };
		59ABD62A301FF79D00E40D16 /* TankTactics-Bridging-Header.h */ = {isa = PBXFileReference; lastKnownFileType = sourcecode.c.h; path = "TankTactics-Bridging-Header.h"; sourceTree = "<group>"; };
		59ABD62B301FF87800E40D16 /* StockfishBridge.swift */ = {isa = PBXFileReference; lastKnownFileType = sourcecode.swift; path = StockfishBridge.swift; sourceTree = "<group>"; };
		59ABD6493020D28E00E40D16 /* ChessModule.swift */ = {isa = PBXFileReference; lastKnownFileType = sourcecode.swift; path = ChessModule.swift; sourceTree = "<group>"; };
		59AECC6C2E8DDEC800082FC0 /* TurnNotesList.swift */ = {isa = PBXFileReference; lastKnownFileType = sourcecode.swift; path = TurnNotesList.swift; sourceTree = "<group>"; };
		59B7E5592E428E3800105725 /* Module.swift */ = {isa = PBXFileReference; lastKnownFileType = sourcecode.swift; path = Module.swift; sourceTree = "<group>"; };
		59B7E55B2E451C5600105725 /* Viewport.swift */ = {isa = PBXFileReference; lastKnownFileType = sourcecode.swift; path = Viewport.swift; sourceTree = "<group>"; };
		59C8CD542E6F857400151076 /* Inspector.swift */ = {isa = PBXFileReference; lastKnownFileType = sourcecode.swift; path = Inspector.swift; sourceTree = "<group>"; };
		59D77B232C93836600BD384A /* Info.plist */ = {isa = PBXFileReference; lastKnownFileType = text.plist; path = Info.plist; sourceTree = "<group>"; };
		59DF6B0C2C57C9D500CB3F9A /* GameBoard.swift */ = {isa = PBXFileReference; lastKnownFileType = sourcecode.swift; path = GameBoard.swift; sourceTree = "<group>"; };
		59DF70B42BF553F7001E64B3 /* TankTactics.app */ = {isa = PBXFileReference; explicitFileType = wrapper.application; includeInIndex = 0; path = TankTactics.app; sourceTree = BUILT_PRODUCTS_DIR; };
		59DF70B72BF553F7001E64B3 /* TankTacticsApp.swift */ = {isa = PBXFileReference; lastKnownFileType = sourcecode.swift; path = TankTacticsApp.swift; sourceTree = "<group>"; };
		59DF70BD2BF553F8001E64B3 /* Assets.xcassets */ = {isa = PBXFileReference; lastKnownFileType = folder.assetcatalog; path = Assets.xcassets; sourceTree = "<group>"; };
		59DF70C22BF553F8001E64B3 /* TankTactics.entitlements */ = {isa = PBXFileReference; lastKnownFileType = text.plist.entitlements; path = TankTactics.entitlements; sourceTree = "<group>"; };
		59E01EB22E7CBECD002544A2 /* ActionList.swift */ = {isa = PBXFileReference; lastKnownFileType = sourcecode.swift; path = ActionList.swift; sourceTree = "<group>"; };
		59E01EB62E7E0C2E002544A2 /* EventCard.swift */ = {isa = PBXFileReference; lastKnownFileType = sourcecode.swift; path = EventCard.swift; sourceTree = "<group>"; };
/* End PBXFileReference section */

/* Begin PBXFileSystemSynchronizedRootGroup section */
		5966E9EA302BEBC200D7735C /* incbin */ = {isa = PBXFileSystemSynchronizedRootGroup; explicitFileTypes = {}; explicitFolders = (); path = incbin; sourceTree = "<group>"; };
		5966EA08302BEBC200D7735C /* nnue */ = {isa = PBXFileSystemSynchronizedRootGroup; explicitFileTypes = {}; explicitFolders = (); path = nnue; sourceTree = "<group>"; };
		5966EA15302BEBC200D7735C /* syzygy */ = {isa = PBXFileSystemSynchronizedRootGroup; explicitFileTypes = {}; explicitFolders = (); path = syzygy; sourceTree = "<group>"; };
/* End PBXFileSystemSynchronizedRootGroup section */

/* Begin PBXFrameworksBuildPhase section */
		59DF70B12BF553F7001E64B3 /* Frameworks */ = {
			isa = PBXFrameworksBuildPhase;
			buildActionMask = 2147483647;
			files = (
			);
			runOnlyForDeploymentPostprocessing = 0;
		};
/* End PBXFrameworksBuildPhase section */

/* Begin PBXGroup section */
		59ABD5D5301FF67400E40D16 /* Stockfish 18 */ = {
			isa = PBXGroup;
			children = (
				5966EA40302BEDA700D7735C /* engine.h */,
				5966EA41302BEDA700D7735C /* engine.cpp */,
				5966E9DF302BEBC200D7735C /* benchmark.h */,
				5966E9E0302BEBC200D7735C /* benchmark.cpp */,
				5966E9E1302BEBC200D7735C /* bitboard.h */,
				5966E9E2302BEBC200D7735C /* bitboard.cpp */,
				5966E9E5302BEBC200D7735C /* evaluate.h */,
				5966E9E6302BEBC200D7735C /* evaluate.cpp */,
				5966E9E7302BEBC200D7735C /* history.h */,
				5966E9EA302BEBC200D7735C /* incbin */,
				5966E9EB302BEBC200D7735C /* Makefile */,
				5966E9EC302BEBC200D7735C /* memory.h */,
				5966E9ED302BEBC200D7735C /* memory.cpp */,
				5966E9EE302BEBC200D7735C /* misc.h */,
				5966E9EF302BEBC200D7735C /* misc.cpp */,
				5966E9F0302BEBC200D7735C /* movegen.h */,
				5966E9F1302BEBC200D7735C /* movegen.cpp */,
				5966E9F2302BEBC200D7735C /* movepick.h */,
				5966E9F3302BEBC200D7735C /* movepick.cpp */,
				5966EA08302BEBC200D7735C /* nnue */,
				5966EA09302BEBC200D7735C /* numa.h */,
				5966EA0A302BEBC200D7735C /* perft.h */,
				5966EA0B302BEBC200D7735C /* position.h */,
				5966EA0C302BEBC200D7735C /* position.cpp */,
				5966EA0D302BEBC200D7735C /* score.h */,
				5966EA0E302BEBC200D7735C /* score.cpp */,
				5966EA0F302BEBC200D7735C /* search.h */,
				5966EA10302BEBC200D7735C /* search.cpp */,
				5966EA11302BEBC200D7735C /* shm.h */,
				5966EA12302BEBC200D7735C /* shm_linux.h */,
				5966EA15302BEBC200D7735C /* syzygy */,
				5966EA16302BEBC200D7735C /* thread.h */,
				5966EA17302BEBC200D7735C /* thread.cpp */,
				5966EA18302BEBC200D7735C /* thread_win32_osx.h */,
				5966EA19302BEBC200D7735C /* timeman.h */,
				5966EA1A302BEBC200D7735C /* timeman.cpp */,
				5966EA1B302BEBC200D7735C /* tt.h */,
				5966EA1C302BEBC200D7735C /* tt.cpp */,
				5966EA1D302BEBC200D7735C /* tune.h */,
				5966EA1E302BEBC200D7735C /* tune.cpp */,
				5966EA1F302BEBC200D7735C /* types.h */,
				5966EA20302BEBC200D7735C /* uci.h */,
				5966EA21302BEBC200D7735C /* uci.cpp */,
				5966EA22302BEBC200D7735C /* ucioption.h */,
				5966EA23302BEBC200D7735C /* ucioption.cpp */,
				59ABD628301FF71500E40D16 /* StockfishBridge.h */,
				59ABD629301FF76B00E40D16 /* StockfishBridge.mm */,
			);
			path = "Stockfish 18";
			sourceTree = "<group>";
		};
		59DF70AB2BF553F7001E64B3 = {
			isa = PBXGroup;
			children = (
				59ABD62B301FF87800E40D16 /* StockfishBridge.swift */,
				59B7E5592E428E3800105725 /* Module.swift */,
				59ABD6493020D28E00E40D16 /* ChessModule.swift */,
				59ABD5D5301FF67400E40D16 /* Stockfish 18 */,
				59DF6B0C2C57C9D500CB3F9A /* GameBoard.swift */,
				592B7F7F2C3863E2001EA317 /* BoardObject.swift */,
				592B80492C3A0A22008F41BF /* Tank.swift */,
				5937400D2E5F959500E6C733 /* TankAction.swift */,
				59C8CD542E6F857400151076 /* Inspector.swift */,
				5910A74C2E05F4A000B217BB /* Game.swift */,
				59E01EB62E7E0C2E002544A2 /* EventCard.swift */,
				5910A74E2E05F4DD00B217BB /* Message.swift */,
				59AECC6C2E8DDEC800082FC0 /* TurnNotesList.swift */,
				595A2D082C6655A10086A452 /* StatusCard.swift */,
				596376A42CFB5BB000059FCA /* DeadStatusCard.swift */,
				594D86F82CAF2F2B00916C89 /* MakePDF.swift */,
				59E01EB22E7CBECD002544A2 /* ActionList.swift */,
				592B804F2C42AB9B008F41BF /* Direction.swift */,
				59B7E55B2E451C5600105725 /* Viewport.swift */,
				5966EA43302BEF0400D7735C /* nn-37f18f62d772.nnue */,
				5966EA44302BEF0400D7735C /* nn-c288c895ea92.nnue */,
				59DF70B62BF553F7001E64B3 /* TankTactics */,
				59DF70B52BF553F7001E64B3 /* Products */,
			);
			sourceTree = "<group>";
		};
		59DF70B52BF553F7001E64B3 /* Products */ = {
			isa = PBXGroup;
			children = (
				59DF70B42BF553F7001E64B3 /* TankTactics.app */,
			);
			name = Products;
			sourceTree = "<group>";
		};
		59DF70B62BF553F7001E64B3 /* TankTactics */ = {
			isa = PBXGroup;
			children = (
				59D77B232C93836600BD384A /* Info.plist */,
				59ABD62A301FF79D00E40D16 /* TankTactics-Bridging-Header.h */,
				59DF70B72BF553F7001E64B3 /* TankTacticsApp.swift */,
				59DF70BD2BF553F8001E64B3 /* Assets.xcassets */,
				59DF70C22BF553F8001E64B3 /* TankTactics.entitlements */,
			);
			path = TankTactics;
			sourceTree = "<group>";
		};
/* End PBXGroup section */

/* Begin PBXNativeTarget section */
		59DF70B32BF553F7001E64B3 /* TankTactics */ = {
			isa = PBXNativeTarget;
			buildConfigurationList = 59DF70C52BF553F8001E64B3 /* Build configuration list for PBXNativeTarget "TankTactics" */;
			buildPhases = (
				59DF70B02BF553F7001E64B3 /* Sources */,
				59DF70B12BF553F7001E64B3 /* Frameworks */,
				59DF70B22BF553F7001E64B3 /* Resources */,
			);
			buildRules = (
			);
			dependencies = (
			);
			fileSystemSynchronizedGroups = (
				5966E9EA302BEBC200D7735C /* incbin */,
				5966EA08302BEBC200D7735C /* nnue */,
				5966EA15302BEBC200D7735C /* syzygy */,
			);
			name = TankTactics;
			productName = TankTactics;
			productReference = 59DF70B42BF553F7001E64B3 /* TankTactics.app */;
			productType = "com.apple.product-type.application";
		};
/* End PBXNativeTarget section */

/* Begin PBXProject section */
		59DF70AC2BF553F7001E64B3 /* Project object */ = {
			isa = PBXProject;
			attributes = {
				BuildIndependentTargetsInParallel = 1;
				LastSwiftUpdateCheck = 1540;
				LastUpgradeCheck = 2650;
				TargetAttributes = {
					59DF70B32BF553F7001E64B3 = {
						CreatedOnToolsVersion = 15.4;
					};
				};
			};
			buildConfigurationList = 59DF70AF2BF553F7001E64B3 /* Build configuration list for PBXProject "TankTactics" */;
			compatibilityVersion = "Xcode 14.0";
			developmentRegion = en;
			hasScannedForEncodings = 0;
			knownRegions = (
				en,
				Base,
			);
			mainGroup = 59DF70AB2BF553F7001E64B3;
			productRefGroup = 59DF70B52BF553F7001E64B3 /* Products */;
			projectDirPath = "";
			projectRoot = "";
			targets = (
				59DF70B32BF553F7001E64B3 /* TankTactics */,
			);
		};
/* End PBXProject section */

/* Begin PBXResourcesBuildPhase section */
		59DF70B22BF553F7001E64B3 /* Resources */ = {
			isa = PBXResourcesBuildPhase;
			buildActionMask = 2147483647;
			files = (
				5966EA45302BEF0400D7735C /* nn-c288c895ea92.nnue in Resources */,
				5966EA46302BEF0400D7735C /* nn-37f18f62d772.nnue in Resources */,
				59DF70BE2BF553F8001E64B3 /* Assets.xcassets in Resources */,
			);
			runOnlyForDeploymentPostprocessing = 0;
		};
/* End PBXResourcesBuildPhase section */

/* Begin PBXSourcesBuildPhase section */
		59DF70B02BF553F7001E64B3 /* Sources */ = {
			isa = PBXSourcesBuildPhase;
			buildActionMask = 2147483647;
			files = (
				5966EA25302BEBC200D7735C /* position.cpp in Sources */,
				5966EA26302BEBC200D7735C /* evaluate.cpp in Sources */,
				5966EA27302BEBC200D7735C /* ucioption.cpp in Sources */,
				5966EA28302BEBC200D7735C /* tt.cpp in Sources */,
				5966EA2A302BEBC200D7735C /* memory.cpp in Sources */,
				5966EA2B302BEBC200D7735C /* movepick.cpp in Sources */,
				5966EA2C302BEBC200D7735C /* uci.cpp in Sources */,
				5966EA2D302BEBC200D7735C /* Makefile in Sources */,
				5966EA2F302BEBC200D7735C /* search.cpp in Sources */,
				5966EA31302BEBC200D7735C /* movegen.cpp in Sources */,
				5966EA32302BEBC200D7735C /* thread.cpp in Sources */,
				5966EA34302BEBC200D7735C /* timeman.cpp in Sources */,
				5966EA35302BEBC200D7735C /* misc.cpp in Sources */,
				5966EA36302BEBC200D7735C /* bitboard.cpp in Sources */,
				5966EA37302BEBC200D7735C /* benchmark.cpp in Sources */,
				5966EA3A302BEBC200D7735C /* tune.cpp in Sources */,
				5966EA42302BEDA700D7735C /* engine.cpp in Sources */,
				5966EA3B302BEBC200D7735C /* score.cpp in Sources */,
				592B804A2C3A0A26008F41BF /* Tank.swift in Sources */,
				5937400E2E5F959500E6C733 /* TankAction.swift in Sources */,
				5910A74D2E05F4A000B217BB /* Game.swift in Sources */,
				592B7F802C3863F9001EA317 /* BoardObject.swift in Sources */,
				594D86F92CAF2F2B00916C89 /* MakePDF.swift in Sources */,
				59ABD62D301FFA1000E40D16 /* StockfishBridge.mm in Sources */,
				596376A52CFB5BB000059FCA /* DeadStatusCard.swift in Sources */,
				59B7E55A2E428E3800105725 /* Module.swift in Sources */,
				59DF6B0D2C57C9DE00CB3F9A /* GameBoard.swift in Sources */,
				59ABD64A3020D28E00E40D16 /* ChessModule.swift in Sources */,
				59ABD62C301FF87800E40D16 /* StockfishBridge.swift in Sources */,
				595A2D092C6655A10086A452 /* StatusCard.swift in Sources */,
				59E01EB72E7E0C2E002544A2 /* EventCard.swift in Sources */,
				59C8CD552E6F857400151076 /* Inspector.swift in Sources */,
				5910A74F2E05F4DD00B217BB /* Message.swift in Sources */,
				592B80502C42ABAB008F41BF /* Direction.swift in Sources */,
				59AECC6D2E8DDECE00082FC0 /* TurnNotesList.swift in Sources */,
				59B7E55C2E451C5600105725 /* Viewport.swift in Sources */,
				59E01EB32E7CBEDC002544A2 /* ActionList.swift in Sources */,
				59DF70B82BF553F7001E64B3 /* TankTacticsApp.swift in Sources */,
			);
			runOnlyForDeploymentPostprocessing = 0;
		};
/* End PBXSourcesBuildPhase section */

/* Begin XCBuildConfiguration section */
		59DF70C32BF553F8001E64B3 /* Debug */ = {
			isa = XCBuildConfiguration;
			buildSettings = {
				ALWAYS_SEARCH_USER_PATHS = NO;
				ASSETCATALOG_COMPILER_GENERATE_SWIFT_ASSET_SYMBOL_EXTENSIONS = YES;
				CLANG_ANALYZER_NONNULL = YES;
				CLANG_ANALYZER_NUMBER_OBJECT_CONVERSION = YES_AGGRESSIVE;
				CLANG_CXX_LANGUAGE_STANDARD = "gnu++20";
				CLANG_ENABLE_MODULES = YES;
				CLANG_ENABLE_OBJC_ARC = YES;
				CLANG_ENABLE_OBJC_WEAK = YES;
				CLANG_WARN_BLOCK_CAPTURE_AUTORELEASING = YES;
				CLANG_WARN_BOOL_CONVERSION = YES;
				CLANG_WARN_COMMA = YES;
				CLANG_WARN_CONSTANT_CONVERSION = YES;
				CLANG_WARN_DEPRECATED_OBJC_IMPLEMENTATIONS = YES;
				CLANG_WARN_DIRECT_OBJC_ISA_USAGE = YES_ERROR;
				CLANG_WARN_DOCUMENTATION_COMMENTS = YES;
				CLANG_WARN_EMPTY_BODY = YES;
				CLANG_WARN_ENUM_CONVERSION = YES;
				CLANG_WARN_INFINITE_RECURSION = YES;
				CLANG_WARN_INT_CONVERSION = YES;
				CLANG_WARN_NON_LITERAL_NULL_CONVERSION = YES;
				CLANG_WARN_OBJC_IMPLICIT_RETAIN_SELF = YES;
				CLANG_WARN_OBJC_LITERAL_CONVERSION = YES;
				CLANG_WARN_OBJC_ROOT_CLASS = YES_ERROR;
				CLANG_WARN_QUOTED_INCLUDE_IN_FRAMEWORK_HEADER = YES;
				CLANG_WARN_RANGE_LOOP_ANALYSIS = YES;
				CLANG_WARN_STRICT_PROTOTYPES = YES;
				CLANG_WARN_SUSPICIOUS_MOVE = YES;
				CLANG_WARN_UNGUARDED_AVAILABILITY = YES_AGGRESSIVE;
				CLANG_WARN_UNREACHABLE_CODE = YES;
				CLANG_WARN__DUPLICATE_METHOD_MATCH = YES;
				COPY_PHASE_STRIP = NO;
				DEAD_CODE_STRIPPING = YES;
				DEBUG_INFORMATION_FORMAT = dwarf;
				DEVELOPMENT_TEAM = 6ZYJVS964D;
				ENABLE_STRICT_OBJC_MSGSEND = YES;
				ENABLE_TESTABILITY = YES;
				ENABLE_USER_SCRIPT_SANDBOXING = YES;
				GCC_C_LANGUAGE_STANDARD = gnu17;
				GCC_DYNAMIC_NO_PIC = NO;
				GCC_NO_COMMON_BLOCKS = YES;
				GCC_OPTIMIZATION_LEVEL = 0;
				GCC_PREPROCESSOR_DEFINITIONS = (
					"DEBUG=1",
					"$(inherited)",
				);
				GCC_WARN_64_TO_32_BIT_CONVERSION = YES;
				GCC_WARN_ABOUT_RETURN_TYPE = YES_ERROR;
				GCC_WARN_UNDECLARED_SELECTOR = YES;
				GCC_WARN_UNINITIALIZED_AUTOS = YES_AGGRESSIVE;
				GCC_WARN_UNUSED_FUNCTION = YES;
				GCC_WARN_UNUSED_VARIABLE = YES;
				LOCALIZATION_PREFERS_STRING_CATALOGS = YES;
				MACOSX_DEPLOYMENT_TARGET = 14.4;
				MTL_ENABLE_DEBUG_INFO = INCLUDE_SOURCE;
				MTL_FAST_MATH = YES;
				ONLY_ACTIVE_ARCH = YES;
				SDKROOT = macosx;
				STRING_CATALOG_GENERATE_SYMBOLS = YES;
				SWIFT_ACTIVE_COMPILATION_CONDITIONS = "DEBUG $(inherited)";
				SWIFT_OPTIMIZATION_LEVEL = "-Onone";
			};
			name = Debug;
		};
		59DF70C42BF553F8001E64B3 /* Release */ = {
			isa = XCBuildConfiguration;
			buildSettings = {
				ALWAYS_SEARCH_USER_PATHS = NO;
				ASSETCATALOG_COMPILER_GENERATE_SWIFT_ASSET_SYMBOL_EXTENSIONS = YES;
				CLANG_ANALYZER_NONNULL = YES;
				CLANG_ANALYZER_NUMBER_OBJECT_CONVERSION = YES_AGGRESSIVE;
				CLANG_CXX_LANGUAGE_STANDARD = "gnu++20";
				CLANG_ENABLE_MODULES = YES;
				CLANG_ENABLE_OBJC_ARC = YES;
				CLANG_ENABLE_OBJC_WEAK = YES;
				CLANG_WARN_BLOCK_CAPTURE_AUTORELEASING = YES;
				CLANG_WARN_BOOL_CONVERSION = YES;
				CLANG_WARN_COMMA = YES;
				CLANG_WARN_CONSTANT_CONVERSION = YES;
				CLANG_WARN_DEPRECATED_OBJC_IMPLEMENTATIONS = YES;
				CLANG_WARN_DIRECT_OBJC_ISA_USAGE = YES_ERROR;
				CLANG_WARN_DOCUMENTATION_COMMENTS = YES;
				CLANG_WARN_EMPTY_BODY = YES;
				CLANG_WARN_ENUM_CONVERSION = YES;
				CLANG_WARN_INFINITE_RECURSION = YES;
				CLANG_WARN_INT_CONVERSION = YES;
				CLANG_WARN_NON_LITERAL_NULL_CONVERSION = YES;
				CLANG_WARN_OBJC_IMPLICIT_RETAIN_SELF = YES;
				CLANG_WARN_OBJC_LITERAL_CONVERSION = YES;
				CLANG_WARN_OBJC_ROOT_CLASS = YES_ERROR;
				CLANG_WARN_QUOTED_INCLUDE_IN_FRAMEWORK_HEADER = YES;
				CLANG_WARN_RANGE_LOOP_ANALYSIS = YES;
				CLANG_WARN_STRICT_PROTOTYPES = YES;
				CLANG_WARN_SUSPICIOUS_MOVE = YES;
				CLANG_WARN_UNGUARDED_AVAILABILITY = YES_AGGRESSIVE;
				CLANG_WARN_UNREACHABLE_CODE = YES;
				CLANG_WARN__DUPLICATE_METHOD_MATCH = YES;
				COPY_PHASE_STRIP = NO;
				DEAD_CODE_STRIPPING = YES;
				DEBUG_INFORMATION_FORMAT = "dwarf-with-dsym";
				DEVELOPMENT_TEAM = 6ZYJVS964D;
				ENABLE_NS_ASSERTIONS = NO;
				ENABLE_STRICT_OBJC_MSGSEND = YES;
				ENABLE_USER_SCRIPT_SANDBOXING = YES;
				GCC_C_LANGUAGE_STANDARD = gnu17;
				GCC_NO_COMMON_BLOCKS = YES;
				GCC_WARN_64_TO_32_BIT_CONVERSION = YES;
				GCC_WARN_ABOUT_RETURN_TYPE = YES_ERROR;
				GCC_WARN_UNDECLARED_SELECTOR = YES;
				GCC_WARN_UNINITIALIZED_AUTOS = YES_AGGRESSIVE;
				GCC_WARN_UNUSED_FUNCTION = YES;
				GCC_WARN_UNUSED_VARIABLE = YES;
				LOCALIZATION_PREFERS_STRING_CATALOGS = YES;
				MACOSX_DEPLOYMENT_TARGET = 14.4;
				MTL_ENABLE_DEBUG_INFO = NO;
				MTL_FAST_MATH = YES;
				SDKROOT = macosx;
				STRING_CATALOG_GENERATE_SYMBOLS = YES;
				SWIFT_COMPILATION_MODE = wholemodule;
			};
			name = Release;
		};
		59DF70C62BF553F8001E64B3 /* Debug */ = {
			isa = XCBuildConfiguration;
			buildSettings = {
				ASSETCATALOG_COMPILER_APPICON_NAME = AppIcon;
				ASSETCATALOG_COMPILER_GLOBAL_ACCENT_COLOR_NAME = AccentColor;
				CODE_SIGN_ENTITLEMENTS = TankTactics/TankTactics.entitlements;
				CODE_SIGN_STYLE = Automatic;
				COMBINE_HIDPI_IMAGES = YES;
				CURRENT_PROJECT_VERSION = 1;
				DEAD_CODE_STRIPPING = YES;
				DEVELOPMENT_ASSET_PATHS = "";
				ENABLE_APP_SANDBOX = NO;
				ENABLE_HARDENED_RUNTIME = YES;
				ENABLE_PREVIEWS = YES;
				GCC_PREPROCESSOR_DEFINITIONS = (
					"NNUE_EMBEDDING_OFF=1",
					"DEBUG=1",
				);
				GENERATE_INFOPLIST_FILE = YES;
				HEADER_SEARCH_PATHS = "\"$(SRCROOT)/TankTactics/Stockfish 18\"/**";
				INFOPLIST_FILE = TankTactics/Info.plist;
				INFOPLIST_KEY_CFBundleDisplayName = "Tank Tactics";
				INFOPLIST_KEY_LSApplicationCategoryType = "public.app-category.utilities";
				INFOPLIST_KEY_NSHumanReadableCopyright = "";
				LD_RUNPATH_SEARCH_PATHS = (
					"$(inherited)",
					"@executable_path/../Frameworks",
				);
				MACOSX_DEPLOYMENT_TARGET = 15.0;
				MARKETING_VERSION = 1.0;
				PRODUCT_BUNDLE_IDENTIFIER = com.hiltonsherrard.TankTactics;
				PRODUCT_NAME = "$(TARGET_NAME)";
				SWIFT_EMIT_LOC_STRINGS = YES;
				"SWIFT_OBJC_BRIDGING_HEADER[arch=*]" = "TankTactics/TankTactics-Bridging-Header.h";
				SWIFT_VERSION = 5.0;
			};
			name = Debug;
		};
		59DF70C72BF553F8001E64B3 /* Release */ = {
			isa = XCBuildConfiguration;
			buildSettings = {
				ASSETCATALOG_COMPILER_APPICON_NAME = AppIcon;
				ASSETCATALOG_COMPILER_GLOBAL_ACCENT_COLOR_NAME = AccentColor;
				CODE_SIGN_ENTITLEMENTS = TankTactics/TankTactics.entitlements;
				CODE_SIGN_STYLE = Automatic;
				COMBINE_HIDPI_IMAGES = YES;
				CURRENT_PROJECT_VERSION = 1;
				DEAD_CODE_STRIPPING = YES;
				DEVELOPMENT_ASSET_PATHS = "";
				ENABLE_APP_SANDBOX = NO;
				ENABLE_HARDENED_RUNTIME = YES;
				ENABLE_PREVIEWS = YES;
				GCC_PREPROCESSOR_DEFINITIONS = "NNUE_EMBEDDING_OFF=1";
				GENERATE_INFOPLIST_FILE = YES;
				HEADER_SEARCH_PATHS = "\"$(SRCROOT)/TankTactics/Stockfish 18\"/**";
				INFOPLIST_FILE = TankTactics/Info.plist;
				INFOPLIST_KEY_CFBundleDisplayName = "Tank Tactics";
				INFOPLIST_KEY_LSApplicationCategoryType = "public.app-category.utilities";
				INFOPLIST_KEY_NSHumanReadableCopyright = "";
				LD_RUNPATH_SEARCH_PATHS = (
					"$(inherited)",
					"@executable_path/../Frameworks",
				);
				MACOSX_DEPLOYMENT_TARGET = 15.0;
				MARKETING_VERSION = 1.0;
				PRODUCT_BUNDLE_IDENTIFIER = com.hiltonsherrard.TankTactics;
				PRODUCT_NAME = "$(TARGET_NAME)";
				SWIFT_EMIT_LOC_STRINGS = YES;
				"SWIFT_OBJC_BRIDGING_HEADER[arch=*]" = "TankTactics/TankTactics-Bridging-Header.h";
				SWIFT_VERSION = 5.0;
			};
			name = Release;
		};
/* End XCBuildConfiguration section */

/* Begin XCConfigurationList section */
		59DF70AF2BF553F7001E64B3 /* Build configuration list for PBXProject "TankTactics" */ = {
			isa = XCConfigurationList;
			buildConfigurations = (
				59DF70C32BF553F8001E64B3 /* Debug */,
				59DF70C42BF553F8001E64B3 /* Release */,
			);
			defaultConfigurationIsVisible = 0;
			defaultConfigurationName = Release;
		};
		59DF70C52BF553F8001E64B3 /* Build configuration list for PBXNativeTarget "TankTactics" */ = {
			isa = XCConfigurationList;
			buildConfigurations = (
				59DF70C62BF553F8001E64B3 /* Debug */,
				59DF70C72BF553F8001E64B3 /* Release */,
			);
			defaultConfigurationIsVisible = 0;
			defaultConfigurationName = Release;
		};
/* End XCConfigurationList section */
	};
	rootObject = 59DF70AC2BF553F7001E64B3 /* Project object */;
}
